
Microsoft Visual Studio Solution File, Format Version 12.00
# Visual Studio Version 17
VisualStudioVersion = 17.9.34728.123
MinimumVisualStudioVersion = 10.0.40219.1
Project("{FAE04EC0-301F-11D3-BF4B-00C04F79EFBC}") = "NumerosDeDosDijitos", "NumerosDeDosDijitos\NumerosDeDosDijitos.csproj", "{558F5333-3CEE-4CFE-B9B9-2256D672DE55}"
EndProject
Global
	GlobalSection(SolutionConfigurationPlatforms) = preSolution
		Debug|Any CPU = Debug|Any CPU
		Release|Any CPU = Release|Any CPU
	EndGlobalSection
	GlobalSection(ProjectConfigurationPlatforms) = postSolution
		{558F5333-3CEE-4CFE-B9B9-2256D672DE55}.Debug|Any CPU.ActiveCfg = Debug|Any CPU
		{558F5333-3CEE-4CFE-B9B9-2256D672DE55}.Debug|Any CPU.Build.0 = Debug|Any CPU
		{558F5333-3CEE-4CFE-B9B9-2256D672DE55}.Release|Any CPU.ActiveCfg = Release|Any CPU
		{558F5333-3CEE-4CFE-B9B9-2256D672DE55}.Release|Any CPU.Build.0 = Release|Any CPU
	EndGlobalSection
	GlobalSection(SolutionProperties) = preSolution
		HideSolutionNode = FALSE
	EndGlobalSection
	GlobalSection(ExtensibilityGlobals) = postSolution
		SolutionGuid = {B9F651C3-AD4A-497F-9F33-41905935723E}
	EndGlobalSection
EndGlobal
